// !$*UTF8*$!
{
	archiveVersion = 1;
	classes = {
	};
	objectVersion = 46;
	objects = {

/* Begin PBXBuildFile section */
		9E98F9A2ACB1D9A2E568BF65 /* Pods_FGYoke.framework in Frameworks */ = {isa = PBXBuildFile; fileRef = 5855B508318F8DE632501F4C /* Pods_FGYoke.framework */; settings = {ATTRIBUTES = (Required, ); }; };
		DA06BCA91DE7575D00B04F48 /* 校准按钮.png in Resources */ = {isa = PBXBuildFile; fileRef = DA06BCA71DE7575C00B04F48 /* 校准按钮.png */; };
		DA06BCAB1DE758D800B04F48 /* calibrate.png in Resources */ = {isa = PBXBuildFile; fileRef = DA06BCAA1DE758D800B04F48 /* calibrate.png */; };
		DA49B83F1DC3BB1800A2D673 /* settings.png in Resources */ = {isa = PBXBuildFile; fileRef = DA49B83E1DC3BB1800A2D673 /* settings.png */; };
		DA5F622D1E63B3390064A458 /* throttle.png in Resources */ = {isa = PBXBuildFile; fileRef = DA5F622C1E63B3390064A458 /* throttle.png */; };
		DA5F622F1E63B33F0064A458 /* throttletrack1.png in Resources */ = {isa = PBXBuildFile; fileRef = DA5F622E1E63B33F0064A458 /* throttletrack1.png */; };
		DA5F62311E63BA100064A458 /* background1.png in Resources */ = {isa = PBXBuildFile; fileRef = DA5F62301E63BA100064A458 /* background1.png */; };
		DA6751091DB9C0160087D9ED /* AppDelegate.swift in Sources */ = {isa = PBXBuildFile; fileRef = DA6751081DB9C0160087D9ED /* AppDelegate.swift */; };
		DA67510B1DB9C0160087D9ED /* ViewController.swift in Sources */ = {isa = PBXBuildFile; fileRef = DA67510A1DB9C0160087D9ED /* ViewController.swift */; };
		DA67510E1DB9C0160087D9ED /* Main.storyboard in Resources */ = {isa = PBXBuildFile; fileRef = DA67510C1DB9C0160087D9ED /* Main.storyboard */; };
		DA6751111DB9C0160087D9ED /* FGYoke.xcdatamodeld in Sources */ = {isa = PBXBuildFile; fileRef = DA67510F1DB9C0160087D9ED /* FGYoke.xcdatamodeld */; };
		DA6751131DB9C0160087D9ED /* Assets.xcassets in Resources */ = {isa = PBXBuildFile; fileRef = DA6751121DB9C0160087D9ED /* Assets.xcassets */; };
		DA6751161DB9C0160087D9ED /* LaunchScreen.storyboard in Resources */ = {isa = PBXBuildFile; fileRef = DA6751141DB9C0160087D9ED /* LaunchScreen.storyboard */; };
		DA67513B1DB9C0740087D9ED /* MapKit.framework in Frameworks */ = {isa = PBXBuildFile; fileRef = DA67513A1DB9C0740087D9ED /* MapKit.framework */; };
		DA67513D1DB9C0870087D9ED /* ExternalAccessory.framework in Frameworks */ = {isa = PBXBuildFile; fileRef = DA67513C1DB9C0870087D9ED /* ExternalAccessory.framework */; };
		DA6751441DB9C0F60087D9ED /* background.png in Resources */ = {isa = PBXBuildFile; fileRef = DA67513F1DB9C0F60087D9ED /* background.png */; };
		DA6751451DB9C0F60087D9ED /* logo120x120.png in Resources */ = {isa = PBXBuildFile; fileRef = DA6751401DB9C0F60087D9ED /* logo120x120.png */; };
		DA6751461DB9C0F60087D9ED /* logo180x180.png in Resources */ = {isa = PBXBuildFile; fileRef = DA6751411DB9C0F60087D9ED /* logo180x180.png */; };
		DA6751471DB9C0F60087D9ED /* yoke.png in Resources */ = {isa = PBXBuildFile; fileRef = DA6751421DB9C0F60087D9ED /* yoke.png */; };
		DA6751481DB9C0F60087D9ED /* yokebg.png in Resources */ = {isa = PBXBuildFile; fileRef = DA6751431DB9C0F60087D9ED /* yokebg.png */; };
		DA6864B91DC5427400F24FA0 /* SettingsViewController.swift in Sources */ = {isa = PBXBuildFile; fileRef = DA6864B81DC5427400F24FA0 /* SettingsViewController.swift */; };
		DA82B7E81DF292D900DC210F /* ysocket.swift in Sources */ = {isa = PBXBuildFile; fileRef = DA82B7E31DF292D900DC210F /* ysocket.swift */; };
		DA82B7E91DF292D900DC210F /* ytcpsocket.c in Sources */ = {isa = PBXBuildFile; fileRef = DA82B7E41DF292D900DC210F /* ytcpsocket.c */; };
		DA82B7EA1DF292D900DC210F /* ytcpsocket.swift in Sources */ = {isa = PBXBuildFile; fileRef = DA82B7E51DF292D900DC210F /* ytcpsocket.swift */; };
		DA82B7EB1DF292D900DC210F /* yudpsocket.c in Sources */ = {isa = PBXBuildFile; fileRef = DA82B7E61DF292D900DC210F /* yudpsocket.c */; };
		DA82B7EC1DF292D900DC210F /* yudpsocket.swift in Sources */ = {isa = PBXBuildFile; fileRef = DA82B7E71DF292D900DC210F /* yudpsocket.swift */; };
		DA9723511DDB9745002F92B9 /* AboutViewController.swift in Sources */ = {isa = PBXBuildFile; fileRef = DA9723501DDB9745002F92B9 /* AboutViewController.swift */; };
		DAA8DD9F1E21B87000254244 /* skyalliance logo.png in Resources */ = {isa = PBXBuildFile; fileRef = DAA8DD9E1E21B87000254244 /* skyalliance logo.png */; };
		DACF22631E22D61000B27B90 /* GuideViewController.swift in Sources */ = {isa = PBXBuildFile; fileRef = DACF22621E22D61000B27B90 /* GuideViewController.swift */; };
		DACF22671E22DDD800B27B90 /* Guide01.png in Resources */ = {isa = PBXBuildFile; fileRef = DACF22641E22DDD700B27B90 /* Guide01.png */; };
		DACF22681E22DDD800B27B90 /* Guide02.png in Resources */ = {isa = PBXBuildFile; fileRef = DACF22651E22DDD700B27B90 /* Guide02.png */; };
		DACF22691E22DDD800B27B90 /* Guide03.png in Resources */ = {isa = PBXBuildFile; fileRef = DACF22661E22DDD700B27B90 /* Guide03.png */; };
		DAD891FD1DEA2FD600493A56 /* swichoff.png in Resources */ = {isa = PBXBuildFile; fileRef = DAD891FC1DEA2FD600493A56 /* swichoff.png */; };
		DAD891FF1DEA308F00493A56 /* swichon.png in Resources */ = {isa = PBXBuildFile; fileRef = DAD891FE1DEA308F00493A56 /* swichon.png */; };
/* End PBXBuildFile section */

/* Begin PBXContainerItemProxy section */
		DA67511D1DB9C0160087D9ED /* PBXContainerItemProxy */ = {
			isa = PBXContainerItemProxy;
			containerPortal = DA6750FD1DB9C0150087D9ED /* Project object */;
			proxyType = 1;
			remoteGlobalIDString = DA6751041DB9C0150087D9ED;
			remoteInfo = FGYoke;
		};
		DA6751281DB9C0160087D9ED /* PBXContainerItemProxy */ = {
			isa = PBXContainerItemProxy;
			containerPortal = DA6750FD1DB9C0150087D9ED /* Project object */;
			proxyType = 1;
			remoteGlobalIDString = DA6751041DB9C0150087D9ED;
			remoteInfo = FGYoke;
		};
/* End PBXContainerItemProxy section */

/* Begin PBXCopyFilesBuildPhase section */
		DA477D8C1DEAA09E00EA37D4 /* Embed App Extensions */ = {
			isa = PBXCopyFilesBuildPhase;
			buildActionMask = 2147483647;
			dstPath = "";
			dstSubfolderSpec = 13;
			files = (
			);
			name = "Embed App Extensions";
			runOnlyForDeploymentPostprocessing = 0;
		};
/* End PBXCopyFilesBuildPhase section */

/* Begin PBXFileReference section */
		2C5E44326EDA489E2347EDE9 /* Pods-FGYoke.debug.xcconfig */ = {isa = PBXFileReference; includeInIndex = 1; lastKnownFileType = text.xcconfig; name = "Pods-FGYoke.debug.xcconfig"; path = "Pods/Target Support Files/Pods-FGYoke/Pods-FGYoke.debug.xcconfig"; sourceTree = "<group>"; };
		5855B508318F8DE632501F4C /* Pods_FGYoke.framework */ = {isa = PBXFileReference; explicitFileType = wrapper.framework; includeInIndex = 0; path = Pods_FGYoke.framework; sourceTree = BUILT_PRODUCTS_DIR; };
		DA06BCA71DE7575C00B04F48 /* 校准按钮.png */ = {isa = PBXFileReference; lastKnownFileType = image.png; path = "校准按钮.png"; sourceTree = "<group>"; };
		DA06BCAA1DE758D800B04F48 /* calibrate.png */ = {isa = PBXFileReference; lastKnownFileType = image.png; path = calibrate.png; sourceTree = "<group>"; };
		DA477D771DEAA09E00EA37D4 /* IntentsUI.framework */ = {isa = PBXFileReference; lastKnownFileType = wrapper.framework; name = IntentsUI.framework; path = System/Library/Frameworks/IntentsUI.framework; sourceTree = SDKROOT; };
		DA477D8D1DEAA34900EA37D4 /* Messages.framework */ = {isa = PBXFileReference; lastKnownFileType = wrapper.framework; name = Messages.framework; path = System/Library/Frameworks/Messages.framework; sourceTree = SDKROOT; };
		DA477D8F1DEAA39400EA37D4 /* MessageUI.framework */ = {isa = PBXFileReference; lastKnownFileType = wrapper.framework; name = MessageUI.framework; path = System/Library/Frameworks/MessageUI.framework; sourceTree = SDKROOT; };
		DA49B83E1DC3BB1800A2D673 /* settings.png */ = {isa = PBXFileReference; lastKnownFileType = image.png; name = settings.png; path = "../../../../模拟飞行/FlightGear/FG Yoke Proj/settings.png"; sourceTree = "<group>"; };
		DA5F622C1E63B3390064A458 /* throttle.png */ = {isa = PBXFileReference; lastKnownFileType = image.png; name = throttle.png; path = "../../../../模拟飞行/FlightGear/FG Yoke Proj/throttle.png"; sourceTree = "<group>"; };
		DA5F622E1E63B33F0064A458 /* throttletrack1.png */ = {isa = PBXFileReference; lastKnownFileType = image.png; name = throttletrack1.png; path = "../../../../模拟飞行/FlightGear/FG Yoke Proj/throttletrack1.png"; sourceTree = "<group>"; };
		DA5F62301E63BA100064A458 /* background1.png */ = {isa = PBXFileReference; lastKnownFileType = image.png; name = background1.png; path = "../../../../模拟飞行/FlightGear/FG Yoke Proj/background1.png"; sourceTree = "<group>"; };
		DA6751051DB9C0160087D9ED /* FGYoke.app */ = {isa = PBXFileReference; explicitFileType = wrapper.application; includeInIndex = 0; path = FGYoke.app; sourceTree = BUILT_PRODUCTS_DIR; };
		DA6751081DB9C0160087D9ED /* AppDelegate.swift */ = {isa = PBXFileReference; lastKnownFileType = sourcecode.swift; path = AppDelegate.swift; sourceTree = "<group>"; };
		DA67510A1DB9C0160087D9ED /* ViewController.swift */ = {isa = PBXFileReference; lastKnownFileType = sourcecode.swift; path = ViewController.swift; sourceTree = "<group>"; };
		DA67510D1DB9C0160087D9ED /* Base */ = {isa = PBXFileReference; lastKnownFileType = file.storyboard; name = Base; path = Base.lproj/Main.storyboard; sourceTree = "<group>"; };
		DA6751101DB9C0160087D9ED /* FGYoke.xcdatamodel */ = {isa = PBXFileReference; lastKnownFileType = wrapper.xcdatamodel; path = FGYoke.xcdatamodel; sourceTree = "<group>"; };
		DA6751121DB9C0160087D9ED /* Assets.xcassets */ = {isa = PBXFileReference; lastKnownFileType = folder.assetcatalog; path = Assets.xcassets; sourceTree = "<group>"; };
		DA6751151DB9C0160087D9ED /* Base */ = {isa = PBXFileReference; lastKnownFileType = file.storyboard; name = Base; path = Base.lproj/LaunchScreen.storyboard; sourceTree = "<group>"; };
		DA6751171DB9C0160087D9ED /* Info.plist */ = {isa = PBXFileReference; lastKnownFileType = text.plist.xml; path = Info.plist; sourceTree = "<group>"; };
		DA67511C1DB9C0160087D9ED /* FGYokeTests.xctest */ = {isa = PBXFileReference; explicitFileType = wrapper.cfbundle; includeInIndex = 0; path = FGYokeTests.xctest; sourceTree = BUILT_PRODUCTS_DIR; };
		DA6751271DB9C0160087D9ED /* FGYokeUITests.xctest */ = {isa = PBXFileReference; explicitFileType = wrapper.cfbundle; includeInIndex = 0; path = FGYokeUITests.xctest; sourceTree = BUILT_PRODUCTS_DIR; };
		DA67513A1DB9C0740087D9ED /* MapKit.framework */ = {isa = PBXFileReference; lastKnownFileType = wrapper.framework; name = MapKit.framework; path = System/Library/Frameworks/MapKit.framework; sourceTree = SDKROOT; };
		DA67513C1DB9C0870087D9ED /* ExternalAccessory.framework */ = {isa = PBXFileReference; lastKnownFileType = wrapper.framework; name = ExternalAccessory.framework; path = System/Library/Frameworks/ExternalAccessory.framework; sourceTree = SDKROOT; };
		DA67513E1DB9C0870087D9ED /* FGYoke.entitlements */ = {isa = PBXFileReference; lastKnownFileType = text.plist.entitlements; path = FGYoke.entitlements; sourceTree = "<group>"; };
		DA67513F1DB9C0F60087D9ED /* background.png */ = {isa = PBXFileReference; lastKnownFileType = image.png; name = background.png; path = "../../../../模拟飞行/FlightGear/FG Yoke Proj/background.png"; sourceTree = "<group>"; };
		DA6751401DB9C0F60087D9ED /* logo120x120.png */ = {isa = PBXFileReference; lastKnownFileType = image.png; name = logo120x120.png; path = "../../../../模拟飞行/FlightGear/FG Yoke Proj/logo120x120.png"; sourceTree = "<group>"; };
		DA6751411DB9C0F60087D9ED /* logo180x180.png */ = {isa = PBXFileReference; lastKnownFileType = image.png; name = logo180x180.png; path = "../../../../模拟飞行/FlightGear/FG Yoke Proj/logo180x180.png"; sourceTree = "<group>"; };
		DA6751421DB9C0F60087D9ED /* yoke.png */ = {isa = PBXFileReference; lastKnownFileType = image.png; name = yoke.png; path = "../../../../模拟飞行/FlightGear/FG Yoke Proj/yoke.png"; sourceTree = "<group>"; };
		DA6751431DB9C0F60087D9ED /* yokebg.png */ = {isa = PBXFileReference; lastKnownFileType = image.png; name = yokebg.png; path = "../../../../模拟飞行/FlightGear/FG Yoke Proj/yokebg.png"; sourceTree = "<group>"; };
		DA6864B81DC5427400F24FA0 /* SettingsViewController.swift */ = {isa = PBXFileReference; fileEncoding = 4; lastKnownFileType = sourcecode.swift; path = SettingsViewController.swift; sourceTree = "<group>"; };
		DA82B7E21DF292D800DC210F /* FGYoke-Bridging-Header.h */ = {isa = PBXFileReference; lastKnownFileType = sourcecode.c.h; path = "FGYoke-Bridging-Header.h"; sourceTree = "<group>"; };
		DA82B7E31DF292D900DC210F /* ysocket.swift */ = {isa = PBXFileReference; fileEncoding = 4; lastKnownFileType = sourcecode.swift; name = ysocket.swift; path = ysocket/ysocket.swift; sourceTree = "<group>"; };
		DA82B7E41DF292D900DC210F /* ytcpsocket.c */ = {isa = PBXFileReference; fileEncoding = 4; lastKnownFileType = sourcecode.c.c; name = ytcpsocket.c; path = ysocket/ytcpsocket.c; sourceTree = "<group>"; };
		DA82B7E51DF292D900DC210F /* ytcpsocket.swift */ = {isa = PBXFileReference; fileEncoding = 4; lastKnownFileType = sourcecode.swift; name = ytcpsocket.swift; path = ysocket/ytcpsocket.swift; sourceTree = "<group>"; };
		DA82B7E61DF292D900DC210F /* yudpsocket.c */ = {isa = PBXFileReference; fileEncoding = 4; lastKnownFileType = sourcecode.c.c; name = yudpsocket.c; path = ysocket/yudpsocket.c; sourceTree = "<group>"; };
		DA82B7E71DF292D900DC210F /* yudpsocket.swift */ = {isa = PBXFileReference; fileEncoding = 4; lastKnownFileType = sourcecode.swift; name = yudpsocket.swift; path = ysocket/yudpsocket.swift; sourceTree = "<group>"; };
		DA9723501DDB9745002F92B9 /* AboutViewController.swift */ = {isa = PBXFileReference; fileEncoding = 4; lastKnownFileType = sourcecode.swift; path = AboutViewController.swift; sourceTree = "<group>"; };
		DAA8DD9E1E21B87000254244 /* skyalliance logo.png */ = {isa = PBXFileReference; lastKnownFileType = image.png; path = "skyalliance logo.png"; sourceTree = "<group>"; };
		DACF22621E22D61000B27B90 /* GuideViewController.swift */ = {isa = PBXFileReference; fileEncoding = 4; lastKnownFileType = sourcecode.swift; path = GuideViewController.swift; sourceTree = "<group>"; };
		DACF22641E22DDD700B27B90 /* Guide01.png */ = {isa = PBXFileReference; lastKnownFileType = image.png; path = Guide01.png; sourceTree = "<group>"; };
		DACF22651E22DDD700B27B90 /* Guide02.png */ = {isa = PBXFileReference; lastKnownFileType = image.png; path = Guide02.png; sourceTree = "<group>"; };
		DACF22661E22DDD700B27B90 /* Guide03.png */ = {isa = PBXFileReference; lastKnownFileType = image.png; path = Guide03.png; sourceTree = "<group>"; };
		DAD891FC1DEA2FD600493A56 /* swichoff.png */ = {isa = PBXFileReference; lastKnownFileType = image.png; path = swichoff.png; sourceTree = "<group>"; };
		DAD891FE1DEA308F00493A56 /* swichon.png */ = {isa = PBXFileReference; lastKnownFileType = image.png; path = swichon.png; sourceTree = "<group>"; };
		DEC592C9A45909855E6BB62C /* Pods-FGYoke.release.xcconfig */ = {isa = PBXFileReference; includeInIndex = 1; lastKnownFileType = text.xcconfig; name = "Pods-FGYoke.release.xcconfig"; path = "Pods/Target Support Files/Pods-FGYoke/Pods-FGYoke.release.xcconfig"; sourceTree = "<group>"; };
/* End PBXFileReference section */

/* Begin PBXFrameworksBuildPhase section */
		DA6751021DB9C0150087D9ED /* Frameworks */ = {
			isa = PBXFrameworksBuildPhase;
			buildActionMask = 2147483647;
			files = (
				DA67513D1DB9C0870087D9ED /* ExternalAccessory.framework in Frameworks */,
				DA67513B1DB9C0740087D9ED /* MapKit.framework in Frameworks */,
				9E98F9A2ACB1D9A2E568BF65 /* Pods_FGYoke.framework in Frameworks */,
			);
			runOnlyForDeploymentPostprocessing = 0;
		};
		DA6751191DB9C0160087D9ED /* Frameworks */ = {
			isa = PBXFrameworksBuildPhase;
			buildActionMask = 2147483647;
			files = (
			);
			runOnlyForDeploymentPostprocessing = 0;
		};
		DA6751241DB9C0160087D9ED /* Frameworks */ = {
			isa = PBXFrameworksBuildPhase;
			buildActionMask = 2147483647;
			files = (
			);
			runOnlyForDeploymentPostprocessing = 0;
		};
/* End PBXFrameworksBuildPhase section */

/* Begin PBXGroup section */
		7B1C52B8D7EDED9E412F5C13 /* Pods */ = {
			isa = PBXGroup;
			children = (
				2C5E44326EDA489E2347EDE9 /* Pods-FGYoke.debug.xcconfig */,
				DEC592C9A45909855E6BB62C /* Pods-FGYoke.release.xcconfig */,
			);
			name = Pods;
			sourceTree = "<group>";
		};
		DA6750FC1DB9C0150087D9ED = {
			isa = PBXGroup;
			children = (
				DA6751071DB9C0160087D9ED /* FGYoke */,
				DA6751061DB9C0160087D9ED /* Products */,
				DA6751391DB9C0740087D9ED /* Frameworks */,
				7B1C52B8D7EDED9E412F5C13 /* Pods */,
			);
			sourceTree = "<group>";
		};
		DA6751061DB9C0160087D9ED /* Products */ = {
			isa = PBXGroup;
			children = (
				DA6751051DB9C0160087D9ED /* FGYoke.app */,
				DA67511C1DB9C0160087D9ED /* FGYokeTests.xctest */,
				DA6751271DB9C0160087D9ED /* FGYokeUITests.xctest */,
			);
			name = Products;
			sourceTree = "<group>";
		};
		DA6751071DB9C0160087D9ED /* FGYoke */ = {
			isa = PBXGroup;
			children = (
				DA82B7E31DF292D900DC210F /* ysocket.swift */,
				DA82B7E41DF292D900DC210F /* ytcpsocket.c */,
				DA82B7E51DF292D900DC210F /* ytcpsocket.swift */,
				DA82B7E61DF292D900DC210F /* yudpsocket.c */,
				DA82B7E71DF292D900DC210F /* yudpsocket.swift */,
				DA67513E1DB9C0870087D9ED /* FGYoke.entitlements */,
				DA6751081DB9C0160087D9ED /* AppDelegate.swift */,
				DACF22621E22D61000B27B90 /* GuideViewController.swift */,
				DA67510A1DB9C0160087D9ED /* ViewController.swift */,
				DACF22641E22DDD700B27B90 /* Guide01.png */,
				DA5F62301E63BA100064A458 /* background1.png */,
				DACF22651E22DDD700B27B90 /* Guide02.png */,
				DACF22661E22DDD700B27B90 /* Guide03.png */,
				DA67510C1DB9C0160087D9ED /* Main.storyboard */,
				DAD891FE1DEA308F00493A56 /* swichon.png */,
				DA06BCA71DE7575C00B04F48 /* 校准按钮.png */,
				DA5F622C1E63B3390064A458 /* throttle.png */,
				DAD891FC1DEA2FD600493A56 /* swichoff.png */,
				DA5F622E1E63B33F0064A458 /* throttletrack1.png */,
				DA9723501DDB9745002F92B9 /* AboutViewController.swift */,
				DA6751121DB9C0160087D9ED /* Assets.xcassets */,
				DA6864B81DC5427400F24FA0 /* SettingsViewController.swift */,
				DA67513F1DB9C0F60087D9ED /* background.png */,
				DA49B83E1DC3BB1800A2D673 /* settings.png */,
				DA06BCAA1DE758D800B04F48 /* calibrate.png */,
				DA6751401DB9C0F60087D9ED /* logo120x120.png */,
				DA6751411DB9C0F60087D9ED /* logo180x180.png */,
				DAA8DD9E1E21B87000254244 /* skyalliance logo.png */,
				DA6751421DB9C0F60087D9ED /* yoke.png */,
				DA6751431DB9C0F60087D9ED /* yokebg.png */,
				DA6751141DB9C0160087D9ED /* LaunchScreen.storyboard */,
				DA6751171DB9C0160087D9ED /* Info.plist */,
				DA67510F1DB9C0160087D9ED /* FGYoke.xcdatamodeld */,
				DA82B7E21DF292D800DC210F /* FGYoke-Bridging-Header.h */,
			);
			path = FGYoke;
			sourceTree = "<group>";
		};
		DA6751391DB9C0740087D9ED /* Frameworks */ = {
			isa = PBXGroup;
			children = (
				DA477D8F1DEAA39400EA37D4 /* MessageUI.framework */,
				DA477D8D1DEAA34900EA37D4 /* Messages.framework */,
				DA67513C1DB9C0870087D9ED /* ExternalAccessory.framework */,
				DA67513A1DB9C0740087D9ED /* MapKit.framework */,
				DA477D771DEAA09E00EA37D4 /* IntentsUI.framework */,
				5855B508318F8DE632501F4C /* Pods_FGYoke.framework */,
			);
			name = Frameworks;
			sourceTree = "<group>";
		};
/* End PBXGroup section */

/* Begin PBXNativeTarget section */
		DA6751041DB9C0150087D9ED /* FGYoke */ = {
			isa = PBXNativeTarget;
			buildConfigurationList = DA6751301DB9C0170087D9ED /* Build configuration list for PBXNativeTarget "FGYoke" */;
			buildPhases = (
				3AD43D0322315FF7BAC15E74 /* 📦 Check Pods Manifest.lock */,
				DA6751011DB9C0150087D9ED /* Sources */,
				DA6751021DB9C0150087D9ED /* Frameworks */,
				DA6751031DB9C0150087D9ED /* Resources */,
				DA477D8C1DEAA09E00EA37D4 /* Embed App Extensions */,
				E0B388BDEECCFA71F5C7D7E3 /* 📦 Embed Pods Frameworks */,
				70D89E9B7E27BF99C2ACB84C /* 📦 Copy Pods Resources */,
			);
			buildRules = (
			);
			dependencies = (
			);
			name = FGYoke;
			productName = FGYoke;
			productReference = DA6751051DB9C0160087D9ED /* FGYoke.app */;
			productType = "com.apple.product-type.application";
		};
		DA67511B1DB9C0160087D9ED /* FGYokeTests */ = {
			isa = PBXNativeTarget;
			buildConfigurationList = DA6751331DB9C0170087D9ED /* Build configuration list for PBXNativeTarget "FGYokeTests" */;
			buildPhases = (
				DA6751181DB9C0160087D9ED /* Sources */,
				DA6751191DB9C0160087D9ED /* Frameworks */,
				DA67511A1DB9C0160087D9ED /* Resources */,
			);
			buildRules = (
			);
			dependencies = (
				DA67511E1DB9C0160087D9ED /* PBXTargetDependency */,
			);
			name = FGYokeTests;
			productName = FGYokeTests;
			productReference = DA67511C1DB9C0160087D9ED /* FGYokeTests.xctest */;
			productType = "com.apple.product-type.bundle.unit-test";
		};
		DA6751261DB9C0160087D9ED /* FGYokeUITests */ = {
			isa = PBXNativeTarget;
			buildConfigurationList = DA6751361DB9C0170087D9ED /* Build configuration list for PBXNativeTarget "FGYokeUITests" */;
			buildPhases = (
				DA6751231DB9C0160087D9ED /* Sources */,
				DA6751241DB9C0160087D9ED /* Frameworks */,
				DA6751251DB9C0160087D9ED /* Resources */,
			);
			buildRules = (
			);
			dependencies = (
				DA6751291DB9C0160087D9ED /* PBXTargetDependency */,
			);
			name = FGYokeUITests;
			productName = FGYokeUITests;
			productReference = DA6751271DB9C0160087D9ED /* FGYokeUITests.xctest */;
			productType = "com.apple.product-type.bundle.ui-testing";
		};
/* End PBXNativeTarget section */

/* Begin PBXProject section */
		DA6750FD1DB9C0150087D9ED /* Project object */ = {
			isa = PBXProject;
			attributes = {
				LastSwiftUpdateCheck = 0810;
				LastUpgradeCheck = 0810;
				ORGANIZATIONNAME = "梁思地";
				TargetAttributes = {
					DA6751041DB9C0150087D9ED = {
						CreatedOnToolsVersion = 8.0;
						DevelopmentTeam = E499ZXTYV7;
						LastSwiftMigration = 0810;
						ProvisioningStyle = Automatic;
						SystemCapabilities = {
							com.apple.ApplicationGroups.iOS = {
								enabled = 0;
							};
							com.apple.BackgroundModes = {
								enabled = 0;
							};
							com.apple.GameCenter = {
								enabled = 0;
							};
							com.apple.InAppPurchase = {
								enabled = 0;
							};
							com.apple.InterAppAudio = {
								enabled = 0;
							};
							com.apple.Maps.iOS = {
								enabled = 0;
							};
							com.apple.Push = {
								enabled = 0;
							};
							com.apple.Siri = {
								enabled = 0;
							};
							com.apple.WAC = {
								enabled = 1;
							};
							com.apple.iCloud = {
								enabled = 0;
							};
						};
					};
					DA67511B1DB9C0160087D9ED = {
						CreatedOnToolsVersion = 8.0;
						DevelopmentTeam = J5G26C3RJ9;
						ProvisioningStyle = Automatic;
						TestTargetID = DA6751041DB9C0150087D9ED;
					};
					DA6751261DB9C0160087D9ED = {
						CreatedOnToolsVersion = 8.0;
						DevelopmentTeam = J5G26C3RJ9;
						ProvisioningStyle = Automatic;
						TestTargetID = DA6751041DB9C0150087D9ED;
					};
				};
			};
			buildConfigurationList = DA6751001DB9C0150087D9ED /* Build configuration list for PBXProject "FGYoke" */;
			compatibilityVersion = "Xcode 3.2";
			developmentRegion = English;
			hasScannedForEncodings = 0;
			knownRegions = (
				en,
				Base,
				English,
			);
			mainGroup = DA6750FC1DB9C0150087D9ED;
			productRefGroup = DA6751061DB9C0160087D9ED /* Products */;
			projectDirPath = "";
			projectRoot = "";
			targets = (
				DA6751041DB9C0150087D9ED /* FGYoke */,
				DA67511B1DB9C0160087D9ED /* FGYokeTests */,
				DA6751261DB9C0160087D9ED /* FGYokeUITests */,
			);
		};
/* End PBXProject section */

/* Begin PBXResourcesBuildPhase section */
		DA6751031DB9C0150087D9ED /* Resources */ = {
			isa = PBXResourcesBuildPhase;
			buildActionMask = 2147483647;
			files = (
				DAA8DD9F1E21B87000254244 /* skyalliance logo.png in Resources */,
				DA6751161DB9C0160087D9ED /* LaunchScreen.storyboard in Resources */,
				DAD891FF1DEA308F00493A56 /* swichon.png in Resources */,
				DA5F62311E63BA100064A458 /* background1.png in Resources */,
				DA06BCA91DE7575D00B04F48 /* 校准按钮.png in Resources */,
				DA6751441DB9C0F60087D9ED /* background.png in Resources */,
				DA6751131DB9C0160087D9ED /* Assets.xcassets in Resources */,
				DA6751461DB9C0F60087D9ED /* logo180x180.png in Resources */,
				DA67510E1DB9C0160087D9ED /* Main.storyboard in Resources */,
				DA5F622F1E63B33F0064A458 /* throttletrack1.png in Resources */,
				DA6751451DB9C0F60087D9ED /* logo120x120.png in Resources */,
				DA49B83F1DC3BB1800A2D673 /* settings.png in Resources */,
				DACF22691E22DDD800B27B90 /* Guide03.png in Resources */,
				DAD891FD1DEA2FD600493A56 /* swichoff.png in Resources */,
				DA6751481DB9C0F60087D9ED /* yokebg.png in Resources */,
				DACF22671E22DDD800B27B90 /* Guide01.png in Resources */,
				DA6751471DB9C0F60087D9ED /* yoke.png in Resources */,
				DA5F622D1E63B3390064A458 /* throttle.png in Resources */,
				DACF22681E22DDD800B27B90 /* Guide02.png in Resources */,
				DA06BCAB1DE758D800B04F48 /* calibrate.png in Resources */,
			);
			runOnlyForDeploymentPostprocessing = 0;
		};
		DA67511A1DB9C0160087D9ED /* Resources */ = {
			isa = PBXResourcesBuildPhase;
			buildActionMask = 2147483647;
			files = (
			);
			runOnlyForDeploymentPostprocessing = 0;
		};
		DA6751251DB9C0160087D9ED /* Resources */ = {
			isa = PBXResourcesBuildPhase;
			buildActionMask = 2147483647;
			files = (
			);
			runOnlyForDeploymentPostprocessing = 0;
		};
/* End PBXResourcesBuildPhase section */

/* Begin PBXShellScriptBuildPhase section */
		3AD43D0322315FF7BAC15E74 /* 📦 Check Pods Manifest.lock */ = {
			isa = PBXShellScriptBuildPhase;
			buildActionMask = 2147483647;
			files = (
			);
			inputPaths = (
			);
			name = "📦 Check Pods Manifest.lock";
			outputPaths = (
			);
			runOnlyForDeploymentPostprocessing = 0;
			shellPath = /bin/sh;
			shellScript = "diff \"${PODS_ROOT}/../Podfile.lock\" \"${PODS_ROOT}/Manifest.lock\" > /dev/null\nif [[ $? != 0 ]] ; then\n    cat << EOM\nerror: The sandbox is not in sync with the Podfile.lock. Run 'pod install' or update your CocoaPods installation.\nEOM\n    exit 1\nfi\n";
			showEnvVarsInLog = 0;
		};
		70D89E9B7E27BF99C2ACB84C /* 📦 Copy Pods Resources */ = {
			isa = PBXShellScriptBuildPhase;
			buildActionMask = 2147483647;
			files = (
			);
			inputPaths = (
			);
			name = "📦 Copy Pods Resources";
			outputPaths = (
			);
			runOnlyForDeploymentPostprocessing = 0;
			shellPath = /bin/sh;
			shellScript = "\"${SRCROOT}/Pods/Target Support Files/Pods-FGYoke/Pods-FGYoke-resources.sh\"\n";
			showEnvVarsInLog = 0;
		};
		E0B388BDEECCFA71F5C7D7E3 /* 📦 Embed Pods Frameworks */ = {
			isa = PBXShellScriptBuildPhase;
			buildActionMask = 2147483647;
			files = (
			);
			inputPaths = (
			);
			name = "📦 Embed Pods Frameworks";
			outputPaths = (
			);
			runOnlyForDeploymentPostprocessing = 0;
			shellPath = /bin/sh;
			shellScript = "\"${SRCROOT}/Pods/Target Support Files/Pods-FGYoke/Pods-FGYoke-frameworks.sh\"\n";
			showEnvVarsInLog = 0;
		};
/* End PBXShellScriptBuildPhase section */

/* Begin PBXSourcesBuildPhase section */
		DA6751011DB9C0150087D9ED /* Sources */ = {
			isa = PBXSourcesBuildPhase;
			buildActionMask = 2147483647;
			files = (
				DA82B7E81DF292D900DC210F /* ysocket.swift in Sources */,
				DA6751111DB9C0160087D9ED /* FGYoke.xcdatamodeld in Sources */,
				DA67510B1DB9C0160087D9ED /* ViewController.swift in Sources */,
				DA6751091DB9C0160087D9ED /* AppDelegate.swift in Sources */,
				DA82B7EA1DF292D900DC210F /* ytcpsocket.swift in Sources */,
				DA82B7EB1DF292D900DC210F /* yudpsocket.c in Sources */,
				DACF22631E22D61000B27B90 /* GuideViewController.swift in Sources */,
				DA82B7EC1DF292D900DC210F /* yudpsocket.swift in Sources */,
				DA9723511DDB9745002F92B9 /* AboutViewController.swift in Sources */,
				DA6864B91DC5427400F24FA0 /* SettingsViewController.swift in Sources */,
				DA82B7E91DF292D900DC210F /* ytcpsocket.c in Sources */,
			);
			runOnlyForDeploymentPostprocessing = 0;
		};
		DA6751181DB9C0160087D9ED /* Sources */ = {
			isa = PBXSourcesBuildPhase;
			buildActionMask = 2147483647;
			files = (
			);
			runOnlyForDeploymentPostprocessing = 0;
		};
		DA6751231DB9C0160087D9ED /* Sources */ = {
			isa = PBXSourcesBuildPhase;
			buildActionMask = 2147483647;
			files = (
			);
			runOnlyForDeploymentPostprocessing = 0;
		};
/* End PBXSourcesBuildPhase section */

/* Begin PBXTargetDependency section */
		DA67511E1DB9C0160087D9ED /* PBXTargetDependency */ = {
			isa = PBXTargetDependency;
			target = DA6751041DB9C0150087D9ED /* FGYoke */;
			targetProxy = DA67511D1DB9C0160087D9ED /* PBXContainerItemProxy */;
		};
		DA6751291DB9C0160087D9ED /* PBXTargetDependency */ = {
			isa = PBXTargetDependency;
			target = DA6751041DB9C0150087D9ED /* FGYoke */;
			targetProxy = DA6751281DB9C0160087D9ED /* PBXContainerItemProxy */;
		};
/* End PBXTargetDependency section */

/* Begin PBXVariantGroup section */
		DA67510C1DB9C0160087D9ED /* Main.storyboard */ = {
			isa = PBXVariantGroup;
			children = (
				DA67510D1DB9C0160087D9ED /* Base */,
			);
			name = Main.storyboard;
			sourceTree = "<group>";
		};
		DA6751141DB9C0160087D9ED /* LaunchScreen.storyboard */ = {
			isa = PBXVariantGroup;
			children = (
				DA6751151DB9C0160087D9ED /* Base */,
			);
			name = LaunchScreen.storyboard;
			sourceTree = "<group>";
		};
/* End PBXVariantGroup section */

/* Begin XCBuildConfiguration section */
		DA67512E1DB9C0170087D9ED /* Debug */ = {
			isa = XCBuildConfiguration;
			buildSettings = {
				ALWAYS_SEARCH_USER_PATHS = NO;
				CLANG_ANALYZER_NONNULL = YES;
				CLANG_CXX_LANGUAGE_STANDARD = "gnu++0x";
				CLANG_CXX_LIBRARY = "libc++";
				CLANG_ENABLE_MODULES = YES;
				CLANG_ENABLE_OBJC_ARC = YES;
				CLANG_WARN_BOOL_CONVERSION = YES;
				CLANG_WARN_CONSTANT_CONVERSION = YES;
				CLANG_WARN_DIRECT_OBJC_ISA_USAGE = YES_ERROR;
				CLANG_WARN_DOCUMENTATION_COMMENTS = YES;
				CLANG_WARN_EMPTY_BODY = YES;
				CLANG_WARN_ENUM_CONVERSION = YES;
				CLANG_WARN_INFINITE_RECURSION = YES;
				CLANG_WARN_INT_CONVERSION = YES;
				CLANG_WARN_OBJC_ROOT_CLASS = YES_ERROR;
				CLANG_WARN_SUSPICIOUS_MOVE = YES;
				CLANG_WARN_SUSPICIOUS_MOVES = YES;
				CLANG_WARN_UNREACHABLE_CODE = YES;
				CLANG_WARN__DUPLICATE_METHOD_MATCH = YES;
				"CODE_SIGN_IDENTITY[sdk=iphoneos*]" = "iPhone Developer";
				COPY_PHASE_STRIP = NO;
				DEBUG_INFORMATION_FORMAT = dwarf;
				ENABLE_STRICT_OBJC_MSGSEND = YES;
				ENABLE_TESTABILITY = YES;
				GCC_C_LANGUAGE_STANDARD = gnu99;
				GCC_DYNAMIC_NO_PIC = NO;
				GCC_NO_COMMON_BLOCKS = YES;
				GCC_OPTIMIZATION_LEVEL = 0;
				GCC_PREPROCESSOR_DEFINITIONS = (
					"DEBUG=1",
					"$(inherited)",
				);
				GCC_WARN_64_TO_32_BIT_CONVERSION = YES;
				GCC_WARN_ABOUT_RETURN_TYPE = YES_ERROR;
				GCC_WARN_UNDECLARED_SELECTOR = YES;
				GCC_WARN_UNINITIALIZED_AUTOS = YES_AGGRESSIVE;
				GCC_WARN_UNUSED_FUNCTION = YES;
				GCC_WARN_UNUSED_VARIABLE = YES;
				IPHONEOS_DEPLOYMENT_TARGET = 9.0;
				MTL_ENABLE_DEBUG_INFO = YES;
				ONLY_ACTIVE_ARCH = YES;
				SDKROOT = iphoneos;
				SWIFT_ACTIVE_COMPILATION_CONDITIONS = DEBUG;
				SWIFT_OPTIMIZATION_LEVEL = "-Onone";
				TARGETED_DEVICE_FAMILY = "1,2";
			};
			name = Debug;
		};
		DA67512F1DB9C0170087D9ED /* Release */ = {
			isa = XCBuildConfiguration;
			buildSettings = {
				ALWAYS_SEARCH_USER_PATHS = NO;
				CLANG_ANALYZER_NONNULL = YES;
				CLANG_CXX_LANGUAGE_STANDARD = "gnu++0x";
				CLANG_CXX_LIBRARY = "libc++";
				CLANG_ENABLE_MODULES = YES;
				CLANG_ENABLE_OBJC_ARC = YES;
				CLANG_WARN_BOOL_CONVERSION = YES;
				CLANG_WARN_CONSTANT_CONVERSION = YES;
				CLANG_WARN_DIRECT_OBJC_ISA_USAGE = YES_ERROR;
				CLANG_WARN_DOCUMENTATION_COMMENTS = YES;
				CLANG_WARN_EMPTY_BODY = YES;
				CLANG_WARN_ENUM_CONVERSION = YES;
				CLANG_WARN_INFINITE_RECURSION = YES;
				CLANG_WARN_INT_CONVERSION = YES;
				CLANG_WARN_OBJC_ROOT_CLASS = YES_ERROR;
				CLANG_WARN_SUSPICIOUS_MOVE = YES;
				CLANG_WARN_SUSPICIOUS_MOVES = YES;
				CLANG_WARN_UNREACHABLE_CODE = YES;
				CLANG_WARN__DUPLICATE_METHOD_MATCH = YES;
				"CODE_SIGN_IDENTITY[sdk=iphoneos*]" = "iPhone Developer";
				COPY_PHASE_STRIP = NO;
				DEBUG_INFORMATION_FORMAT = "dwarf-with-dsym";
				ENABLE_NS_ASSERTIONS = NO;
				ENABLE_STRICT_OBJC_MSGSEND = YES;
				GCC_C_LANGUAGE_STANDARD = gnu99;
				GCC_NO_COMMON_BLOCKS = YES;
				GCC_WARN_64_TO_32_BIT_CONVERSION = YES;
				GCC_WARN_ABOUT_RETURN_TYPE = YES_ERROR;
				GCC_WARN_UNDECLARED_SELECTOR = YES;
				GCC_WARN_UNINITIALIZED_AUTOS = YES_AGGRESSIVE;
				GCC_WARN_UNUSED_FUNCTION = YES;
				GCC_WARN_UNUSED_VARIABLE = YES;
				IPHONEOS_DEPLOYMENT_TARGET = 9.0;
				MTL_ENABLE_DEBUG_INFO = NO;
				SDKROOT = iphoneos;
				SWIFT_OPTIMIZATION_LEVEL = "-Owholemodule";
				TARGETED_DEVICE_FAMILY = "1,2";
				VALIDATE_PRODUCT = YES;
			};
			name = Release;
		};
		DA6751311DB9C0170087D9ED /* Debug */ = {
			isa = XCBuildConfiguration;
			baseConfigurationReference = 2C5E44326EDA489E2347EDE9 /* Pods-FGYoke.debug.xcconfig */;
			buildSettings = {
				ASSETCATALOG_COMPILER_APPICON_NAME = AppIcon;
				CLANG_ENABLE_MODULES = YES;
				CODE_SIGN_ENTITLEMENTS = FGYoke/FGYoke.entitlements;
				CODE_SIGN_IDENTITY = "iPhone Developer";
				DEVELOPMENT_TEAM = E499ZXTYV7;
				INFOPLIST_FILE = FGYoke/Info.plist;
				LD_RUNPATH_SEARCH_PATHS = "$(inherited) @executable_path/Frameworks";
				PRODUCT_BUNDLE_IDENTIFIER = com.FGPRC.YokeforFlightGear;
				PRODUCT_NAME = "$(TARGET_NAME)";
				SWIFT_OBJC_BRIDGING_HEADER = "FGYoke/FGYoke-Bridging-Header.h";
				SWIFT_OPTIMIZATION_LEVEL = "-Onone";
				SWIFT_VERSION = 3.0;
				TARGETED_DEVICE_FAMILY = "1,2";
			};
			name = Debug;
		};
		DA6751321DB9C0170087D9ED /* Release */ = {
			isa = XCBuildConfiguration;
			baseConfigurationReference = DEC592C9A45909855E6BB62C /* Pods-FGYoke.release.xcconfig */;
			buildSettings = {
				ASSETCATALOG_COMPILER_APPICON_NAME = AppIcon;
				CLANG_ENABLE_MODULES = YES;
				CODE_SIGN_ENTITLEMENTS = FGYoke/FGYoke.entitlements;
				CODE_SIGN_IDENTITY = "iPhone Developer";
				DEVELOPMENT_TEAM = E499ZXTYV7;
				INFOPLIST_FILE = FGYoke/Info.plist;
				LD_RUNPATH_SEARCH_PATHS = "$(inherited) @executable_path/Frameworks";
				PRODUCT_BUNDLE_IDENTIFIER = com.FGPRC.YokeforFlightGear;
				PRODUCT_NAME = "$(TARGET_NAME)";
				SWIFT_OBJC_BRIDGING_HEADER = "FGYoke/FGYoke-Bridging-Header.h";
				SWIFT_VERSION = 3.0;
				TARGETED_DEVICE_FAMILY = "1,2";
			};
			name = Release;
		};
		DA6751341DB9C0170087D9ED /* Debug */ = {
			isa = XCBuildConfiguration;
			buildSettings = {
				ALWAYS_EMBED_SWIFT_STANDARD_LIBRARIES = YES;
				BUNDLE_LOADER = "$(TEST_HOST)";
				DEVELOPMENT_TEAM = J5G26C3RJ9;
				INFOPLIST_FILE = FGYokeTests/Info.plist;
				LD_RUNPATH_SEARCH_PATHS = "$(inherited) @executable_path/Frameworks @loader_path/Frameworks";
				PRODUCT_BUNDLE_IDENTIFIER = com.FGPRC.FGYokeTests;
				PRODUCT_NAME = "$(TARGET_NAME)";
				SWIFT_VERSION = 3.0;
				TEST_HOST = "$(BUILT_PRODUCTS_DIR)/FGYoke.app/FGYoke";
			};
			name = Debug;
		};
		DA6751351DB9C0170087D9ED /* Release */ = {
			isa = XCBuildConfiguration;
			buildSettings = {
				ALWAYS_EMBED_SWIFT_STANDARD_LIBRARIES = YES;
				BUNDLE_LOADER = "$(TEST_HOST)";
				DEVELOPMENT_TEAM = J5G26C3RJ9;
				INFOPLIST_FILE = FGYokeTests/Info.plist;
				LD_RUNPATH_SEARCH_PATHS = "$(inherited) @executable_path/Frameworks @loader_path/Frameworks";
				PRODUCT_BUNDLE_IDENTIFIER = com.FGPRC.FGYokeTests;
				PRODUCT_NAME = "$(TARGET_NAME)";
				SWIFT_VERSION = 3.0;
				TEST_HOST = "$(BUILT_PRODUCTS_DIR)/FGYoke.app/FGYoke";
			};
			name = Release;
		};
		DA6751371DB9C0170087D9ED /* Debug */ = {
			isa = XCBuildConfiguration;
			buildSettings = {
				ALWAYS_EMBED_SWIFT_STANDARD_LIBRARIES = YES;
				DEVELOPMENT_TEAM = J5G26C3RJ9;
				INFOPLIST_FILE = FGYokeUITests/Info.plist;
				LD_RUNPATH_SEARCH_PATHS = "$(inherited) @executable_path/Frameworks @loader_path/Frameworks";
				PRODUCT_BUNDLE_IDENTIFIER = com.FGPRC.FGYokeUITests;
				PRODUCT_NAME = "$(TARGET_NAME)";
				SWIFT_VERSION = 3.0;
				TEST_TARGET_NAME = FGYoke;
			};
			name = Debug;
		};
		DA6751381DB9C0170087D9ED /* Release */ = {
			isa = XCBuildConfiguration;
			buildSettings = {
				ALWAYS_EMBED_SWIFT_STANDARD_LIBRARIES = YES;
				DEVELOPMENT_TEAM = J5G26C3RJ9;
				INFOPLIST_FILE = FGYokeUITests/Info.plist;
				LD_RUNPATH_SEARCH_PATHS = "$(inherited) @executable_path/Frameworks @loader_path/Frameworks";
				PRODUCT_BUNDLE_IDENTIFIER = com.FGPRC.FGYokeUITests;
				PRODUCT_NAME = "$(TARGET_NAME)";
				SWIFT_VERSION = 3.0;
				TEST_TARGET_NAME = FGYoke;
			};
			name = Release;
		};
/* End XCBuildConfiguration section */

/* Begin XCConfigurationList section */
		DA6751001DB9C0150087D9ED /* Build configuration list for PBXProject "FGYoke" */ = {
			isa = XCConfigurationList;
			buildConfigurations = (
				DA67512E1DB9C0170087D9ED /* Debug */,
				DA67512F1DB9C0170087D9ED /* Release */,
			);
			defaultConfigurationIsVisible = 0;
			defaultConfigurationName = Release;
		};
		DA6751301DB9C0170087D9ED /* Build configuration list for PBXNativeTarget "FGYoke" */ = {
			isa = XCConfigurationList;
			buildConfigurations = (
				DA6751311DB9C0170087D9ED /* Debug */,
				DA6751321DB9C0170087D9ED /* Release */,
			);
			defaultConfigurationIsVisible = 0;
			defaultConfigurationName = Release;
		};
		DA6751331DB9C0170087D9ED /* Build configuration list for PBXNativeTarget "FGYokeTests" */ = {
			isa = XCConfigurationList;
			buildConfigurations = (
				DA6751341DB9C0170087D9ED /* Debug */,
				DA6751351DB9C0170087D9ED /* Release */,
			);
			defaultConfigurationIsVisible = 0;
			defaultConfigurationName = Release;
		};
		DA6751361DB9C0170087D9ED /* Build configuration list for PBXNativeTarget "FGYokeUITests" */ = {
			isa = XCConfigurationList;
			buildConfigurations = (
				DA6751371DB9C0170087D9ED /* Debug */,
				DA6751381DB9C0170087D9ED /* Release */,
			);
			defaultConfigurationIsVisible = 0;
			defaultConfigurationName = Release;
		};
/* End XCConfigurationList section */

/* Begin XCVersionGroup section */
		DA67510F1DB9C0160087D9ED /* FGYoke.xcdatamodeld */ = {
			isa = XCVersionGroup;
			children = (
				DA6751101DB9C0160087D9ED /* FGYoke.xcdatamodel */,
			);
			currentVersion = DA6751101DB9C0160087D9ED /* FGYoke.xcdatamodel */;
			path = FGYoke.xcdatamodeld;
			sourceTree = "<group>";
			versionGroupType = wrapper.xcdatamodel;
		};
/* End XCVersionGroup section */
	};
	rootObject = DA6750FD1DB9C0150087D9ED /* Project object */;
}
